# THIS IS AN AUTOGENERATED FILE. DO NOT EDIT THIS FILE DIRECTLY.
# yarn lockfile v1


"@esbuild/android-arm64@0.16.9":
  version "0.16.9"
  resolved "https://registry.yarnpkg.com/@esbuild/android-arm64/-/android-arm64-0.16.9.tgz#474da719599f99d820ec010c92846a4f685fa28a"
  integrity sha512-ndIAZJUeLx4O+4AJbFQCurQW4VRUXjDsUvt1L+nP8bVELOWdmdCEOtlIweCUE6P+hU0uxYbEK2AEP0n5IVQvhg==

"@esbuild/android-arm@0.16.9":
  version "0.16.9"
  resolved "https://registry.yarnpkg.com/@esbuild/android-arm/-/android-arm-0.16.9.tgz#b0747ec074bba3ca652bfa8de3f55acfbb2d259e"
  integrity sha512-kW5ccqWHVOOTGUkkJbtfoImtqu3kA1PFkivM+9QPFSHphPfPBlBalX9eDRqPK+wHCqKhU48/78T791qPgC9e9A==

"@esbuild/android-x64@0.16.9":
  version "0.16.9"
  resolved "https://registry.yarnpkg.com/@esbuild/android-x64/-/android-x64-0.16.9.tgz#1cd75e8ed7d6d7eb5f9896f623df63882bd8e887"
  integrity sha512-UbMcJB4EHrAVOnknQklREPgclNU2CPet2h+sCBCXmF2mfoYWopBn/CfTfeyOkb/JglOcdEADqAljFndMKnFtOw==

"@esbuild/darwin-arm64@0.16.9":
  version "0.16.9"
  resolved "https://registry.yarnpkg.com/@esbuild/darwin-arm64/-/darwin-arm64-0.16.9.tgz#820c88738cd97621737abcd5f05400ae5e0c66e6"
  integrity sha512-d7D7/nrt4CxPul98lx4PXhyNZwTYtbdaHhOSdXlZuu5zZIznjqtMqLac8Bv+IuT6SVHiHUwrkL6ywD7mOgLW+A==

"@esbuild/darwin-x64@0.16.9":
  version "0.16.9"
  resolved "https://registry.yarnpkg.com/@esbuild/darwin-x64/-/darwin-x64-0.16.9.tgz#5a19c00781595e0dfeef1826b3512d04c37b98ff"
  integrity sha512-LZc+Wlz06AkJYtwWsBM3x2rSqTG8lntDuftsUNQ3fCx9ZttYtvlDcVtgb+NQ6t9s6K5No5zutN3pcjZEC2a4iQ==

"@esbuild/freebsd-arm64@0.16.9":
  version "0.16.9"
  resolved "https://registry.yarnpkg.com/@esbuild/freebsd-arm64/-/freebsd-arm64-0.16.9.tgz#2b7c16f5d15c259ed279b293b97c28c4a4bb107f"
  integrity sha512-gIj0UQZlQo93CHYouHKkpzP7AuruSaMIm1etcWIxccFEVqCN1xDr6BWlN9bM+ol/f0W9w3hx3HDuEwcJVtGneQ==

"@esbuild/freebsd-x64@0.16.9":
  version "0.16.9"
  resolved "https://registry.yarnpkg.com/@esbuild/freebsd-x64/-/freebsd-x64-0.16.9.tgz#2db48ffeeab149c2b970494a60b82bf3004b8630"
  integrity sha512-GNors4vaMJ7lzGOuhzNc7jvgsQZqErGA8rsW+nck8N1nYu86CvsJW2seigVrQQWOV4QzEP8Zf3gm+QCjA2hnBQ==

"@esbuild/linux-arm64@0.16.9":
  version "0.16.9"
  resolved "https://registry.yarnpkg.com/@esbuild/linux-arm64/-/linux-arm64-0.16.9.tgz#4c63c9f8ddd690d140ac3e0f360226d3fcdd75d8"
  integrity sha512-YPxQunReYp8RQ1FvexFrOEqqf+nLbS3bKVZF5FRT2uKM7Wio7BeATqAwO02AyrdSEntt3I5fhFsujUChIa8CZg==

"@esbuild/linux-arm@0.16.9":
  version "0.16.9"
  resolved "https://registry.yarnpkg.com/@esbuild/linux-arm/-/linux-arm-0.16.9.tgz#7704de1c2a30bc68d8f615d3ecb1cf68f001256a"
  integrity sha512-cNx1EF99c2t1Ztn0lk9N+MuwBijGF8mH6nx9GFsB3e0lpUpPkCE/yt5d+7NP9EwJf5uzqdjutgVYoH1SNqzudA==

"@esbuild/linux-ia32@0.16.9":
  version "0.16.9"
  resolved "https://registry.yarnpkg.com/@esbuild/linux-ia32/-/linux-ia32-0.16.9.tgz#bf0fda9f046e6c8332d7c8350b8a94d63acb4ceb"
  integrity sha512-zb12ixDIKNwFpIqR00J88FFitVwOEwO78EiUi8wi8FXlmSc3GtUuKV/BSO+730Kglt0B47+ZrJN1BhhOxZaVrw==

"@esbuild/linux-loong64@0.16.9":
  version "0.16.9"
  resolved "https://registry.yarnpkg.com/@esbuild/linux-loong64/-/linux-loong64-0.16.9.tgz#c16378b898fa38f5f788f76fbce16a45c49c8793"
  integrity sha512-X8te4NLxtHiNT6H+4Pfm5RklzItA1Qy4nfyttihGGX+Koc53Ar20ViC+myY70QJ8PDEOehinXZj/F7QK3A+MKQ==

"@esbuild/linux-mips64el@0.16.9":
  version "0.16.9"
  resolved "https://registry.yarnpkg.com/@esbuild/linux-mips64el/-/linux-mips64el-0.16.9.tgz#492605f13f19dc06c350d94e4048c21478b9dec4"
  integrity sha512-ZqyMDLt02c5smoS3enlF54ndK5zK4IpClLTxF0hHfzHJlfm4y8IAkIF8LUW0W7zxcKy7oAwI7BRDqeVvC120SA==

"@esbuild/linux-ppc64@0.16.9":
  version "0.16.9"
  resolved "https://registry.yarnpkg.com/@esbuild/linux-ppc64/-/linux-ppc64-0.16.9.tgz#ccaf759fc4f7a5fe72bdac05b4f5bf18ef1fe01b"
  integrity sha512-k+ca5W5LDBEF3lfDwMV6YNXwm4wEpw9krMnNvvlNz3MrKSD2Eb2c861O0MaKrZkG/buTQAP4vkavbLwgIe6xjg==

"@esbuild/linux-riscv64@0.16.9":
  version "0.16.9"
  resolved "https://registry.yarnpkg.com/@esbuild/linux-riscv64/-/linux-riscv64-0.16.9.tgz#542d0e68bc99fb658fe732b0917931c09775f1a3"
  integrity sha512-GuInVdogjmg9DhgkEmNipHkC+3tzkanPJzgzTC2ihsvrruLyFoR1YrTGixblNSMPudQLpiqkcwGwwe0oqfrvfA==

"@esbuild/linux-s390x@0.16.9":
  version "0.16.9"
  resolved "https://registry.yarnpkg.com/@esbuild/linux-s390x/-/linux-s390x-0.16.9.tgz#4398f9d9d64dba4cfa6eed267476eaa9c9b7f214"
  integrity sha512-49wQ0aYkvwXonGsxc7LuuLNICMX8XtO92Iqmug5Qau0kpnV6SP34jk+jIeu4suHwAbSbRhVFtDv75yRmyfQcHw==

"@esbuild/linux-x64@0.16.9":
  version "0.16.9"
  resolved "https://registry.yarnpkg.com/@esbuild/linux-x64/-/linux-x64-0.16.9.tgz#67c6b418ef36addbca17af0d7a2274c37ddffba2"
  integrity sha512-Nx4oKEAJ6EcQlt4dK7qJyuZUoXZG7CAeY22R7rqZijFzwFfMOD+gLP56uV7RrV86jGf8PeRY8TBsRmOcZoG42w==

"@esbuild/netbsd-x64@0.16.9":
  version "0.16.9"
  resolved "https://registry.yarnpkg.com/@esbuild/netbsd-x64/-/netbsd-x64-0.16.9.tgz#22ed58e404ebeb2475b821bc4e25f1027eb0c912"
  integrity sha512-d0WnpgJ+FTiMZXEQ1NOv9+0gvEhttbgKEvVqWWAtl1u9AvlspKXbodKHzQ5MLP6YV1y52Xp+p8FMYqj8ykTahg==

"@esbuild/openbsd-x64@0.16.9":
  version "0.16.9"
  resolved "https://registry.yarnpkg.com/@esbuild/openbsd-x64/-/openbsd-x64-0.16.9.tgz#2b2597b4edd4d26946f7c56838680fbeb4d455eb"
  integrity sha512-jccK11278dvEscHFfMk5EIPjF4wv1qGD0vps7mBV1a6TspdR36O28fgPem/SA/0pcsCPHjww5ouCLwP+JNAFlw==

"@esbuild/sunos-x64@0.16.9":
  version "0.16.9"
  resolved "https://registry.yarnpkg.com/@esbuild/sunos-x64/-/sunos-x64-0.16.9.tgz#c132603a19ef79c0d7bd95afb09f41618ea8dda2"
  integrity sha512-OetwTSsv6mIDLqN7I7I2oX9MmHGwG+AP+wKIHvq+6sIHwcPPJqRx+DJB55jy9JG13CWcdcQno/7V5MTJ5a0xfQ==

"@esbuild/win32-arm64@0.16.9":
  version "0.16.9"
  resolved "https://registry.yarnpkg.com/@esbuild/win32-arm64/-/win32-arm64-0.16.9.tgz#bf74d007d7f0fe1fe32c4fff82d27b271b3e1d58"
  integrity sha512-tKSSSK6unhxbGbHg+Cc+JhRzemkcsX0tPBvG0m5qsWbkShDK9c+/LSb13L18LWVdOQZwuA55Vbakxmt6OjBDOQ==

"@esbuild/win32-ia32@0.16.9":
  version "0.16.9"
  resolved "https://registry.yarnpkg.com/@esbuild/win32-ia32/-/win32-ia32-0.16.9.tgz#e46478e77431bca1a8b80f6260fc6b0020aa8127"
  integrity sha512-ZTQ5vhNS5gli0KK8I6/s6+LwXmNEfq1ftjnSVyyNm33dBw8zDpstqhGXYUbZSWWLvkqiRRjgxgmoncmi6Yy7Ng==

"@esbuild/win32-x64@0.16.9":
  version "0.16.9"
  resolved "https://registry.yarnpkg.com/@esbuild/win32-x64/-/win32-x64-0.16.9.tgz#4595a29c2930c5157aa1be0963abbbac989647c9"
  integrity sha512-C4ZX+YFIp6+lPrru3tpH6Gaapy8IBRHw/e7l63fzGDhn/EaiGpQgbIlT5paByyy+oMvRFQoxxyvC4LE0AjJMqQ==

"@rometools/cli-darwin-arm64@10.0.1":
  version "10.0.1"
  resolved "https://registry.yarnpkg.com/@rometools/cli-darwin-arm64/-/cli-darwin-arm64-10.0.1.tgz#de60ad5879d9b02ca24b707c17f2f8c372624b3c"
  integrity sha512-MwQjk3uhZrCu6LgIwJHREAsVt/mUQTGv7p8iosfaF8lCIxMVjyS+akbF/QcBufyW5sFtHYNWUEe/uKPHK4E//A==

"@rometools/cli-darwin-x64@10.0.1":
  version "10.0.1"
  resolved "https://registry.yarnpkg.com/@rometools/cli-darwin-x64/-/cli-darwin-x64-10.0.1.tgz#f4f39e02af164841700cb452b52a111361cef345"
  integrity sha512-n010Wc/z9L8wRkRnR5boMhdWgDVGrTG/i7zL8u/3+F5aSUgLCywf9F/b3ex74tCJJfcwBLlhaAqAVQX6U1bIkA==

"@rometools/cli-linux-arm64@10.0.1":
  version "10.0.1"
  resolved "https://registry.yarnpkg.com/@rometools/cli-linux-arm64/-/cli-linux-arm64-10.0.1.tgz#3b3977429873b17459b02db9ee95681bb016a3d6"
  integrity sha512-JljZsnud1KCfe36VNsVh/LrYdAzgbKbcsCTzeCjW9ROkMyNj8pmQ/gIUFxZ+PyhMFgowHIDGihoNf4m+pgpxkA==

"@rometools/cli-linux-x64@10.0.1":
  version "10.0.1"
  resolved "https://registry.yarnpkg.com/@rometools/cli-linux-x64/-/cli-linux-x64-10.0.1.tgz#2f01698504c1d634623a7bde6faad09ad2deb1b0"
  integrity sha512-jXIqd9iDyZUexk63CRfAXDA4zNDUHpErUmCejjGab3dhDt1KA40fDqKb+kxZpAhY3tQoWNSNQyo750zX5NawLw==

"@rometools/cli-win32-arm64@10.0.1":
  version "10.0.1"
  resolved "https://registry.yarnpkg.com/@rometools/cli-win32-arm64/-/cli-win32-arm64-10.0.1.tgz#2b573f34a33ce477bc4f03bf93358954ea531f05"
  integrity sha512-G/toRrKPhhi7SMYMyROq/E2c8/4xRX/67vFhVihuMvDDzhanIb99hEt5MMbM4HbYK1nnZBPyLN6LxVsxm9M9hA==

"@rometools/cli-win32-x64@10.0.1":
  version "10.0.1"
  resolved "https://registry.yarnpkg.com/@rometools/cli-win32-x64/-/cli-win32-x64-10.0.1.tgz#f643480fd72e8dfdbc5a3e3ccb27646cd2fb2dc0"
  integrity sha512-y299+VGoBufZntZj0Xz7w9DODU+6E5giXStfBDoa0fspXGNkYyYfD+HC6j9gUv4zpMZJ607XVvVHjpfwM/3ftA==

"@types/chai-subset@^1.3.3":
  version "1.3.3"
  resolved "https://registry.yarnpkg.com/@types/chai-subset/-/chai-subset-1.3.3.tgz#97893814e92abd2c534de422cb377e0e0bdaac94"
  integrity sha512-frBecisrNGz+F4T6bcc+NLeolfiojh5FxW2klu669+8BARtyQv2C/GkNW6FUodVe4BroGMP/wER/YDGc7rEllw==
  dependencies:
    "@types/chai" "*"

"@types/chai@*", "@types/chai@^4.3.4":
  version "4.3.4"
  resolved "https://registry.yarnpkg.com/@types/chai/-/chai-4.3.4.tgz#e913e8175db8307d78b4e8fa690408ba6b65dee4"
  integrity sha512-KnRanxnpfpjUTqTCXslZSEdLfXExwgNxYPdiO2WGUj8+HDjFi8R3k5RVKPeSCzLjCcshCAtVO2QBbVuAV4kTnw==

"@types/node@*", "@types/node@^18.11.10":
  version "18.11.10"
  resolved "https://registry.yarnpkg.com/@types/node/-/node-18.11.10.tgz#4c64759f3c2343b7e6c4b9caf761c7a3a05cee34"
  integrity sha512-juG3RWMBOqcOuXC643OAdSA525V44cVgGV6dUDuiFtss+8Fk5x1hI93Rsld43VeJVIeqlP9I7Fn9/qaVqoEAuQ==

acorn-walk@^8.2.0:
  version "8.2.0"
  resolved "https://registry.yarnpkg.com/acorn-walk/-/acorn-walk-8.2.0.tgz#741210f2e2426454508853a2f44d0ab83b7f69c1"
  integrity sha512-k+iyHEuPgSw6SbuDpGQM+06HQUa04DZ3o+F6CSzXMvvI5KMvnaEqXe+YVe555R9nn6GPt404fos4wcgpw12SDA==

acorn@^8.8.1:
  version "8.8.1"
  resolved "https://registry.yarnpkg.com/acorn/-/acorn-8.8.1.tgz#0a3f9cbecc4ec3bea6f0a80b66ae8dd2da250b73"
  integrity sha512-7zFpHzhnqYKrkYdUjF1HI1bzd0VygEGX8lFk4k5zVMqHEoES+P+7TKI+EvLO9WVMJ8eekdO0aDEK044xTXwPPA==

assertion-error@^1.1.0:
  version "1.1.0"
  resolved "https://registry.yarnpkg.com/assertion-error/-/assertion-error-1.1.0.tgz#e60b6b0e8f301bd97e5375215bda406c85118c0b"
  integrity sha512-jgsaNduz+ndvGyFt3uSuWqvy4lCnIJiovtouQN5JZHOKCS2QuhEdbcQHFhVksz2N2U9hXJo8odG7ETyWlEeuDw==

buffer-from@^1.0.0:
  version "1.1.2"
  resolved "https://registry.yarnpkg.com/buffer-from/-/buffer-from-1.1.2.tgz#2b146a6fd72e80b4f55d255f35ed59a3a9a41bd5"
  integrity sha512-E+XQCRwSbaaiChtv6k6Dwgc+bx+Bs6vuKJHHl5kox/BaKbhiXzqQOwK4cO22yElGp2OCmjwVhT3HmxgyPGnJfQ==

chai@^4.3.7:
  version "4.3.7"
  resolved "https://registry.yarnpkg.com/chai/-/chai-4.3.7.tgz#ec63f6df01829088e8bf55fca839bcd464a8ec51"
  integrity sha512-HLnAzZ2iupm25PlN0xFreAlBA5zaBSv3og0DdeGA4Ar6h6rJ3A0rolRUKJhSF2V10GZKDgWF/VmAEsNWjCRB+A==
  dependencies:
    assertion-error "^1.1.0"
    check-error "^1.0.2"
    deep-eql "^4.1.2"
    get-func-name "^2.0.0"
    loupe "^2.3.1"
    pathval "^1.1.1"
    type-detect "^4.0.5"

check-error@^1.0.2:
  version "1.0.2"
  resolved "https://registry.yarnpkg.com/check-error/-/check-error-1.0.2.tgz#574d312edd88bb5dd8912e9286dd6c0aed4aac82"
  integrity sha512-BrgHpW9NURQgzoNyjfq0Wu6VFO6D7IZEmJNdtgNqpzGG8RuNFHt2jQxWlAs4HMe119chBnv+34syEZtc6IhLtA==

debug@^4.3.4:
  version "4.3.4"
  resolved "https://registry.yarnpkg.com/debug/-/debug-4.3.4.tgz#1319f6579357f2338d3337d2cdd4914bb5dcc865"
  integrity sha512-PRWFHuSU3eDtQJPvnNY7Jcket1j0t5OuOsFzPPzsekD52Zl8qUfFIPEiswXqIvHWGVHOgX+7G/vCNNhehwxfkQ==
  dependencies:
    ms "2.1.2"

deep-eql@^4.1.2:
  version "4.1.2"
  resolved "https://registry.yarnpkg.com/deep-eql/-/deep-eql-4.1.2.tgz#270ceb902f87724077e6f6449aed81463f42fc1c"
  integrity sha512-gT18+YW4CcW/DBNTwAmqTtkJh7f9qqScu2qFVlx7kCoeY9tlBu9cUcr7+I+Z/noG8INehS3xQgLpTtd/QUTn4w==
  dependencies:
    type-detect "^4.0.0"

esbuild@^0.16.3:
  version "0.16.9"
  resolved "https://registry.yarnpkg.com/esbuild/-/esbuild-0.16.9.tgz#01b6c3a6cbc072108253ac160a0734229bf8c921"
  integrity sha512-gkH83yHyijMSZcZFs1IWew342eMdFuWXmQo3zkDPTre25LIPBJsXryg02M3u8OpTwCJdBkdaQwqKkDLnAsAeLQ==
  optionalDependencies:
    "@esbuild/android-arm" "0.16.9"
    "@esbuild/android-arm64" "0.16.9"
    "@esbuild/android-x64" "0.16.9"
    "@esbuild/darwin-arm64" "0.16.9"
    "@esbuild/darwin-x64" "0.16.9"
    "@esbuild/freebsd-arm64" "0.16.9"
    "@esbuild/freebsd-x64" "0.16.9"
    "@esbuild/linux-arm" "0.16.9"
    "@esbuild/linux-arm64" "0.16.9"
    "@esbuild/linux-ia32" "0.16.9"
    "@esbuild/linux-loong64" "0.16.9"
    "@esbuild/linux-mips64el" "0.16.9"
    "@esbuild/linux-ppc64" "0.16.9"
    "@esbuild/linux-riscv64" "0.16.9"
    "@esbuild/linux-s390x" "0.16.9"
    "@esbuild/linux-x64" "0.16.9"
    "@esbuild/netbsd-x64" "0.16.9"
    "@esbuild/openbsd-x64" "0.16.9"
    "@esbuild/sunos-x64" "0.16.9"
    "@esbuild/win32-arm64" "0.16.9"
    "@esbuild/win32-ia32" "0.16.9"
    "@esbuild/win32-x64" "0.16.9"

fsevents@~2.3.2:
  version "2.3.2"
  resolved "https://registry.yarnpkg.com/fsevents/-/fsevents-2.3.2.tgz#8a526f78b8fdf4623b709e0b975c52c24c02fd1a"
  integrity sha512-xiqMQR4xAeHTuB9uWm+fFRcIOgKBMiOBP+eXiyT7jsgVCq1bkVygt00oASowB7EdtpOHaaPgKt812P9ab+DDKA==

function-bind@^1.1.1:
  version "1.1.1"
  resolved "https://registry.yarnpkg.com/function-bind/-/function-bind-1.1.1.tgz#a56899d3ea3c9bab874bb9773b7c5ede92f4895d"
  integrity sha512-yIovAzMX49sF8Yl58fSCWJ5svSLuaibPxXQJFLmBObTuCr0Mf1KiPopGM9NiFjiYBCbfaa2Fh6breQ6ANVTI0A==

get-func-name@^2.0.0:
  version "2.0.0"
  resolved "https://registry.yarnpkg.com/get-func-name/-/get-func-name-2.0.0.tgz#ead774abee72e20409433a066366023dd6887a41"
  integrity sha512-Hm0ixYtaSZ/V7C8FJrtZIuBBI+iSgL+1Aq82zSu8VQNB4S3Gk8e7Qs3VwBDJAhmRZcFqkl3tQu36g/Foh5I5ig==

has@^1.0.3:
  version "1.0.3"
  resolved "https://registry.yarnpkg.com/has/-/has-1.0.3.tgz#722d7cbfc1f6aa8241f16dd814e011e1f41e8796"
  integrity sha512-f2dvO0VU6Oej7RkWJGrehjbzMAjFp5/VKPp5tTpWIV4JHHZK1/BxbFRtf/siA2SWTe09caDmVtYYzWEIbBS4zw==
  dependencies:
    function-bind "^1.1.1"

is-core-module@^2.9.0:
  version "2.11.0"
  resolved "https://registry.yarnpkg.com/is-core-module/-/is-core-module-2.11.0.tgz#ad4cb3e3863e814523c96f3f58d26cc570ff0144"
  integrity sha512-RRjxlvLDkD1YJwDbroBHMb+cukurkDWNyHx7D3oNB5x9rb5ogcksMC5wHCadcXoo67gVr/+3GFySh3134zi6rw==
  dependencies:
    has "^1.0.3"

jsonc-parser@^3.2.0:
  version "3.2.0"
  resolved "https://registry.yarnpkg.com/jsonc-parser/-/jsonc-parser-3.2.0.tgz#31ff3f4c2b9793f89c67212627c51c6394f88e76"
  integrity sha512-gfFQZrcTc8CnKXp6Y4/CBT3fTc0OVuDofpre4aEeEpSBPV5X5v4+Vmx+8snU7RLPrNHPKSgLxGo9YuQzz20o+w==

local-pkg@^0.4.2:
  version "0.4.2"
  resolved "https://registry.yarnpkg.com/local-pkg/-/local-pkg-0.4.2.tgz#13107310b77e74a0e513147a131a2ba288176c2f"
  integrity sha512-mlERgSPrbxU3BP4qBqAvvwlgW4MTg78iwJdGGnv7kibKjWcJksrG3t6LB5lXI93wXRDvG4NpUgJFmTG4T6rdrg==

loupe@^2.3.1:
  version "2.3.6"
  resolved "https://registry.yarnpkg.com/loupe/-/loupe-2.3.6.tgz#76e4af498103c532d1ecc9be102036a21f787b53"
  integrity sha512-RaPMZKiMy8/JruncMU5Bt6na1eftNoo++R4Y+N2FrxkDVTrGvcyzFTsaGif4QTeKESheMGegbhw6iUAq+5A8zA==
  dependencies:
    get-func-name "^2.0.0"

mlly@^1.0.0:
  version "1.0.0"
  resolved "https://registry.yarnpkg.com/mlly/-/mlly-1.0.0.tgz#d38ca6e33ab89b60654f71ef08931d51e83d3569"
  integrity sha512-QL108Hwt+u9bXdWgOI0dhzZfACovn5Aen4Xvc8Jasd9ouRH4NjnrXEiyP3nVvJo91zPlYjVRckta0Nt2zfoR6g==
  dependencies:
    acorn "^8.8.1"
    pathe "^1.0.0"
    pkg-types "^1.0.0"
    ufo "^1.0.0"

ms@2.1.2:
  version "2.1.2"
  resolved "https://registry.yarnpkg.com/ms/-/ms-2.1.2.tgz#d09d1f357b443f493382a8eb3ccd183872ae6009"
  integrity sha512-sGkPx+VjMtmA6MX27oA4FBFELFCZZ4S4XqeGOXCv68tT+jb3vk/RyaKWP0PTKyWtmLSM0b+adUTEvbs1PEaH2w==

nanoid@^3.3.4:
  version "3.3.4"
  resolved "https://registry.yarnpkg.com/nanoid/-/nanoid-3.3.4.tgz#730b67e3cd09e2deacf03c027c81c9d9dbc5e8ab"
  integrity sha512-MqBkQh/OHTS2egovRtLk45wEyNXwF+cokD+1YPf9u5VfJiRdAiRwB2froX5Co9Rh20xs4siNPm8naNotSD6RBw==

path-parse@^1.0.7:
  version "1.0.7"
  resolved "https://registry.yarnpkg.com/path-parse/-/path-parse-1.0.7.tgz#fbc114b60ca42b30d9daf5858e4bd68bbedb6735"
  integrity sha512-LDJzPVEEEPR+y48z93A0Ed0yXb8pAByGWo/k5YYdYgpY2/2EsOsksJrq7lOHxryrVOn1ejG6oAp8ahvOIQD8sw==

pathe@^0.2.0:
  version "0.2.0"
  resolved "https://registry.yarnpkg.com/pathe/-/pathe-0.2.0.tgz#30fd7bbe0a0d91f0e60bae621f5d19e9e225c339"
  integrity sha512-sTitTPYnn23esFR3RlqYBWn4c45WGeLcsKzQiUpXJAyfcWkolvlYpV8FLo7JishK946oQwMFUCHXQ9AjGPKExw==

pathe@^1.0.0:
  version "1.0.0"
  resolved "https://registry.yarnpkg.com/pathe/-/pathe-1.0.0.tgz#135fc11464fc57c84ef93d5c5ed21247e24571df"
  integrity sha512-nPdMG0Pd09HuSsr7QOKUXO2Jr9eqaDiZvDwdyIhNG5SHYujkQHYKDfGQkulBxvbDHz8oHLsTgKN86LSwYzSHAg==

pathval@^1.1.1:
  version "1.1.1"
  resolved "https://registry.yarnpkg.com/pathval/-/pathval-1.1.1.tgz#8534e77a77ce7ac5a2512ea21e0fdb8fcf6c3d8d"
  integrity sha512-Dp6zGqpTdETdR63lehJYPeIOqpiNBNtc7BpWSLrOje7UaIsE5aY92r/AunQA7rsXvet3lrJ3JnZX29UPTKXyKQ==

picocolors@^1.0.0:
  version "1.0.0"
  resolved "https://registry.yarnpkg.com/picocolors/-/picocolors-1.0.0.tgz#cb5bdc74ff3f51892236eaf79d68bc44564ab81c"
  integrity sha512-1fygroTLlHu66zi26VoTDv8yRgm0Fccecssto+MhsZ0D/DGW2sm8E8AjW7NU5VVTRt5GxbeZ5qBuJr+HyLYkjQ==

pkg-types@^1.0.0:
  version "1.0.1"
  resolved "https://registry.yarnpkg.com/pkg-types/-/pkg-types-1.0.1.tgz#25234407f9dc63409af45ced9407625ff446a761"
  integrity sha512-jHv9HB+Ho7dj6ItwppRDDl0iZRYBD0jsakHXtFgoLr+cHSF6xC+QL54sJmWxyGxOLYSHm0afhXhXcQDQqH9z8g==
  dependencies:
    jsonc-parser "^3.2.0"
    mlly "^1.0.0"
    pathe "^1.0.0"

postcss@^8.4.20:
  version "8.4.20"
  resolved "https://registry.yarnpkg.com/postcss/-/postcss-8.4.20.tgz#64c52f509644cecad8567e949f4081d98349dc56"
  integrity sha512-6Q04AXR1212bXr5fh03u8aAwbLxAQNGQ/Q1LNa0VfOI06ZAlhPHtQvE4OIdpj4kLThXilalPnmDSOD65DcHt+g==
  dependencies:
    nanoid "^3.3.4"
    picocolors "^1.0.0"
    source-map-js "^1.0.2"

resolve@^1.22.1:
  version "1.22.1"
  resolved "https://registry.yarnpkg.com/resolve/-/resolve-1.22.1.tgz#27cb2ebb53f91abb49470a928bba7558066ac177"
  integrity sha512-nBpuuYuY5jFsli/JIs1oldw6fOQCBioohqWZg/2hiaOybXOft4lonv85uDOKXdf8rhyK159cxU5cDcK/NKk8zw==
  dependencies:
    is-core-module "^2.9.0"
    path-parse "^1.0.7"
    supports-preserve-symlinks-flag "^1.0.0"

rollup@^3.7.0:
  version "3.7.5"
  resolved "https://registry.yarnpkg.com/rollup/-/rollup-3.7.5.tgz#db580f8eda50237b0721ddea301fb981cd992933"
  integrity sha512-z0ZbqHBtS/et2EEUKMrAl2CoSdwN7ZPzL17UMiKN9RjjqHShTlv7F9J6ZJZJNREYjBh3TvBrdfjkFDIXFNeuiQ==
  optionalDependencies:
    fsevents "~2.3.2"

rome@^10.0.1:
  version "10.0.1"
  resolved "https://registry.yarnpkg.com/rome/-/rome-10.0.1.tgz#3974603123b75ecbf98b306bcda8b7fa007c80b0"
  integrity sha512-RfaDa+cSustBsjX6bj3fWqEhoNxXrK1uNgKHpkCHAqp20QMJXnCRtbokhirNMe0utyGI9GTO/sDoK7hJP7O8Bw==
  optionalDependencies:
    "@rometools/cli-darwin-arm64" "10.0.1"
    "@rometools/cli-darwin-x64" "10.0.1"
    "@rometools/cli-linux-arm64" "10.0.1"
    "@rometools/cli-linux-x64" "10.0.1"
    "@rometools/cli-win32-arm64" "10.0.1"
    "@rometools/cli-win32-x64" "10.0.1"

source-map-js@^1.0.2:
  version "1.0.2"
  resolved "https://registry.yarnpkg.com/source-map-js/-/source-map-js-1.0.2.tgz#adbc361d9c62df380125e7f161f71c826f1e490c"
  integrity sha512-R0XvVJ9WusLiqTCEiGCmICCMplcCkIwwR11mOSD9CR5u+IXYdiseeEuXCVAjS54zqwkLcPNnmU4OeJ6tUrWhDw==

source-map-support@^0.5.21:
  version "0.5.21"
  resolved "https://registry.yarnpkg.com/source-map-support/-/source-map-support-0.5.21.tgz#04fe7c7f9e1ed2d662233c28cb2b35b9f63f6e4f"
  integrity sha512-uBHU3L3czsIyYXKX88fdrGovxdSCoTGDRZ6SYXtSRxLZUzHg5P/66Ht6uoUlHu9EZod+inXhKo3qQgwXUT/y1w==
  dependencies:
    buffer-from "^1.0.0"
    source-map "^0.6.0"

source-map@^0.6.0, source-map@^0.6.1:
  version "0.6.1"
  resolved "https://registry.yarnpkg.com/source-map/-/source-map-0.6.1.tgz#74722af32e9614e9c287a8d0bbde48b5e2f1a263"
  integrity sha512-UjgapumWlbMhkBgzT7Ykc5YXUT46F0iKu8SGXq0bcwP5dz/h0Plj6enJqjz1Zbq2l5WaqYnrVbwWOWMyF3F47g==

strip-literal@^1.0.0:
  version "1.0.0"
  resolved "https://registry.yarnpkg.com/strip-literal/-/strip-literal-1.0.0.tgz#0a484ed5a978cd9d2becf3cf8f4f2cb5ab0e1e74"
  integrity sha512-5o4LsH1lzBzO9UFH63AJ2ad2/S2AVx6NtjOcaz+VTT2h1RiRvbipW72z8M/lxEhcPHDBQwpDrnTF7sXy/7OwCQ==
  dependencies:
    acorn "^8.8.1"

supports-preserve-symlinks-flag@^1.0.0:
  version "1.0.0"
  resolved "https://registry.yarnpkg.com/supports-preserve-symlinks-flag/-/supports-preserve-symlinks-flag-1.0.0.tgz#6eda4bd344a3c94aea376d4cc31bc77311039e09"
  integrity sha512-ot0WnXS9fgdkgIcePe6RHNk1WA8+muPa6cSjeR3V8K27q9BB1rTE3R1p7Hv0z1ZyAc8s6Vvv8DIyWf681MAt0w==

tinybench@^2.3.1:
  version "2.3.1"
  resolved "https://registry.yarnpkg.com/tinybench/-/tinybench-2.3.1.tgz#14f64e6b77d7ef0b1f6ab850c7a808c6760b414d"
  integrity sha512-hGYWYBMPr7p4g5IarQE7XhlyWveh1EKhy4wUBS1LrHXCKYgvz+4/jCqgmJqZxxldesn05vccrtME2RLLZNW7iA==

tinypool@^0.3.0:
  version "0.3.0"
  resolved "https://registry.yarnpkg.com/tinypool/-/tinypool-0.3.0.tgz#c405d8b743509fc28ea4ca358433190be654f819"
  integrity sha512-NX5KeqHOBZU6Bc0xj9Vr5Szbb1j8tUHIeD18s41aDJaPeC5QTdEhK0SpdpUrZlj2nv5cctNcSjaKNanXlfcVEQ==

tinyspy@^1.0.2:
  version "1.0.2"
  resolved "https://registry.yarnpkg.com/tinyspy/-/tinyspy-1.0.2.tgz#6da0b3918bfd56170fb3cd3a2b5ef832ee1dff0d"
  integrity sha512-bSGlgwLBYf7PnUsQ6WOc6SJ3pGOcd+d8AA6EUnLDDM0kWEstC1JIlSZA3UNliDXhd9ABoS7hiRBDCu+XP/sf1Q==

type-detect@^4.0.0, type-detect@^4.0.5:
  version "4.0.8"
  resolved "https://registry.yarnpkg.com/type-detect/-/type-detect-4.0.8.tgz#7646fb5f18871cfbb7749e69bd39a6388eb7450c"
  integrity sha512-0fr/mIH1dlO+x7TlcMy+bIDqKPsw/70tVyeHW787goQjhmqaZe10uwLujubK9q9Lg6Fiho1KUKDYz0Z7k7g5/g==

typescript@^4.9.3:
  version "4.9.3"
  resolved "https://registry.yarnpkg.com/typescript/-/typescript-4.9.3.tgz#3aea307c1746b8c384435d8ac36b8a2e580d85db"
  integrity sha512-CIfGzTelbKNEnLpLdGFgdyKhG23CKdKgQPOBc+OUNrkJ2vr+KSzsSV5kq5iWhEQbok+quxgGzrAtGWCyU7tHnA==

ufo@^1.0.0:
  version "1.0.1"
  resolved "https://registry.yarnpkg.com/ufo/-/ufo-1.0.1.tgz#64ed43b530706bda2e4892f911f568cf4cf67d29"
  integrity sha512-boAm74ubXHY7KJQZLlXrtMz52qFvpsbOxDcZOnw/Wf+LS4Mmyu7JxmzD4tDLtUQtmZECypJ0FrCz4QIe6dvKRA==

vite-node@0.26.0:
  version "0.26.0"
  resolved "https://registry.yarnpkg.com/vite-node/-/vite-node-0.26.0.tgz#b070b812a9e90431f48fa9c2640e3cb6f60b4cce"
  integrity sha512-nLtHWCv6reONl1oFsKhQ/LT7n3UNLpvVARAJlmGrQV6qSElht/9AdN41Pa+WSkw2Winh682UzM0Yw0GNlfqejw==
  dependencies:
    debug "^4.3.4"
    mlly "^1.0.0"
    pathe "^0.2.0"
    source-map "^0.6.1"
    source-map-support "^0.5.21"
    vite "^3.0.0 || ^4.0.0"

"vite@^3.0.0 || ^4.0.0":
  version "4.0.2"
  resolved "https://registry.yarnpkg.com/vite/-/vite-4.0.2.tgz#909beb07995048fe5a83b35b5e827d79627457c4"
  integrity sha512-QJaY3R+tFlTagH0exVqbgkkw45B+/bXVBzF2ZD1KB5Z8RiAoiKo60vSUf6/r4c2Vh9jfGBKM4oBI9b4/1ZJYng==
  dependencies:
    esbuild "^0.16.3"
    postcss "^8.4.20"
    resolve "^1.22.1"
    rollup "^3.7.0"
  optionalDependencies:
    fsevents "~2.3.2"

vitest@^0.26.0:
  version "0.26.0"
  resolved "https://registry.yarnpkg.com/vitest/-/vitest-0.26.0.tgz#8670ca2c36772d2f102968ad9d6faf14cceb0094"
  integrity sha512-5kUnms5WOa0qrDCJePEPB13v9mhr+ZT1Qy0qNg0eVj1X7/Fx4GY4L1e5s3OH+BQ/J7M5WtaKsUGv9l1pbC7v2Q==
  dependencies:
    "@types/chai" "^4.3.4"
    "@types/chai-subset" "^1.3.3"
    "@types/node" "*"
    acorn "^8.8.1"
    acorn-walk "^8.2.0"
    chai "^4.3.7"
    debug "^4.3.4"
    local-pkg "^0.4.2"
    source-map "^0.6.1"
    strip-literal "^1.0.0"
    tinybench "^2.3.1"
    tinypool "^0.3.0"
    tinyspy "^1.0.2"
    vite "^3.0.0 || ^4.0.0"
    vite-node "0.26.0"
